
Microsoft Visual Studio Solution File, Format Version 12.00
# Visual Studio Version 17
VisualStudioVersion = 17.2.32526.322
MinimumVisualStudioVersion = 10.0.40219.1
Project("{9A19103F-16F7-4668-BE54-9A1E7A4F7556}") = "Sledge2Resonite", "Sledge2Resonite.csproj", "{10B25A97-00B6-449B-BF50-3C345E055CDA}"
	ProjectSection(ProjectDependencies) = postProject
		{0A29FE6D-A5C9-4D0D-9F18-0152498848E7} = {0A29FE6D-A5C9-4D0D-9F18-0152498848E7}
		{A7B1FD02-E2DF-43D8-88E5-3283B282178B} = {A7B1FD02-E2DF-43D8-88E5-3283B282178B}
	EndProjectSection
EndProject
Project("{9A19103F-16F7-4668-BE54-9A1E7A4F7556}") = "VmtRegexTesting", "..\VmtRegexTesting\VmtRegexTesting.csproj", "{46149481-897A-4A3E-BBE2-70C0F9BE2820}"
	ProjectSection(ProjectDependencies) = postProject
		{0A29FE6D-A5C9-4D0D-9F18-0152498848E7} = {0A29FE6D-A5C9-4D0D-9F18-0152498848E7}
		{10B25A97-00B6-449B-BF50-3C345E055CDA} = {10B25A97-00B6-449B-BF50-3C345E055CDA}
		{A7B1FD02-E2DF-43D8-88E5-3283B282178B} = {A7B1FD02-E2DF-43D8-88E5-3283B282178B}
	EndProjectSection
EndProject
Project("{9A19103F-16F7-4668-BE54-9A1E7A4F7556}") = "Sledge.Formats", "..\sledge-formats\Sledge.Formats\Sledge.Formats.csproj", "{A7B1FD02-E2DF-43D8-88E5-3283B282178B}"
EndProject
Project("{9A19103F-16F7-4668-BE54-9A1E7A4F7556}") = "Sledge.Formats.Texture", "..\sledge-formats\Sledge.Formats.Texture\Sledge.Formats.Texture.csproj", "{0A29FE6D-A5C9-4D0D-9F18-0152498848E7}"
EndProject
Global
	GlobalSection(SolutionConfigurationPlatforms) = preSolution
		Debug|Any CPU = Debug|Any CPU
		Release|Any CPU = Release|Any CPU
	EndGlobalSection
	GlobalSection(ProjectConfigurationPlatforms) = postSolution
		{10B25A97-00B6-449B-BF50-3C345E055CDA}.Debug|Any CPU.ActiveCfg = Debug|Any CPU
		{10B25A97-00B6-449B-BF50-3C345E055CDA}.Debug|Any CPU.Build.0 = Debug|Any CPU
		{10B25A97-00B6-449B-BF50-3C345E055CDA}.Release|Any CPU.ActiveCfg = Release|Any CPU
		{10B25A97-00B6-449B-BF50-3C345E055CDA}.Release|Any CPU.Build.0 = Release|Any CPU
		{46149481-897A-4A3E-BBE2-70C0F9BE2820}.Debug|Any CPU.ActiveCfg = Release|Any CPU
		{46149481-897A-4A3E-BBE2-70C0F9BE2820}.Debug|Any CPU.Build.0 = Release|Any CPU
		{46149481-897A-4A3E-BBE2-70C0F9BE2820}.Release|Any CPU.ActiveCfg = Release|Any CPU
		{46149481-897A-4A3E-BBE2-70C0F9BE2820}.Release|Any CPU.Build.0 = Release|Any CPU
		{A7B1FD02-E2DF-43D8-88E5-3283B282178B}.Debug|Any CPU.ActiveCfg = Debug|Any CPU
		{A7B1FD02-E2DF-43D8-88E5-3283B282178B}.Debug|Any CPU.Build.0 = Debug|Any CPU
		{A7B1FD02-E2DF-43D8-88E5-3283B282178B}.Release|Any CPU.ActiveCfg = Release|Any CPU
		{A7B1FD02-E2DF-43D8-88E5-3283B282178B}.Release|Any CPU.Build.0 = Release|Any CPU
		{0A29FE6D-A5C9-4D0D-9F18-0152498848E7}.Debug|Any CPU.ActiveCfg = Debug|Any CPU
		{0A29FE6D-A5C9-4D0D-9F18-0152498848E7}.Debug|Any CPU.Build.0 = Debug|Any CPU
		{0A29FE6D-A5C9-4D0D-9F18-0152498848E7}.Release|Any CPU.ActiveCfg = Release|Any CPU
		{0A29FE6D-A5C9-4D0D-9F18-0152498848E7}.Release|Any CPU.Build.0 = Release|Any CPU
	EndGlobalSection
	GlobalSection(SolutionProperties) = preSolution
		HideSolutionNode = FALSE
	EndGlobalSection
	GlobalSection(ExtensibilityGlobals) = postSolution
		SolutionGuid = {1A9F48A6-7B30-4A81-A905-52FD6B7CD270}
	EndGlobalSection
EndGlobal
